Microsoft Visual Studio Solution File, Format Version 12.00
# Visual Studio Version 17
VisualStudioVersion = 17.5.2.0
MinimumVisualStudioVersion = 10.0.40219.1
Project("{FAE04EC0-301F-11D3-BF4B-00C04F79EFBC}") = "AirportBookingSystem", "AirportBookingSystem\AirportBookingSystem.csproj", "{89F58F72-45BD-1A82-25AA-2400A8CDD0DF}"
EndProject
Global
	GlobalSection(SolutionConfigurationPlatforms) = preSolution
		Debug|Any CPU = Debug|Any CPU
		Release|Any CPU = Release|Any CPU
	EndGlobalSection
	GlobalSection(ProjectConfigurationPlatforms) = postSolution
		{89F58F72-45BD-1A82-25AA-2400A8CDD0DF}.Debug|Any CPU.ActiveCfg = Debug|Any CPU
		{89F58F72-45BD-1A82-25AA-2400A8CDD0DF}.Debug|Any CPU.Build.0 = Debug|Any CPU
		{89F58F72-45BD-1A82-25AA-2400A8CDD0DF}.Release|Any CPU.ActiveCfg = Release|Any CPU
		{89F58F72-45BD-1A82-25AA-2400A8CDD0DF}.Release|Any CPU.Build.0 = Release|Any CPU
	EndGlobalSection
	GlobalSection(SolutionProperties) = preSolution
		HideSolutionNode = FALSE
	EndGlobalSection
	GlobalSection(ExtensibilityGlobals) = postSolution
		SolutionGuid = {83D97636-069A-47EE-8835-C443C65F8A35}
	EndGlobalSection
EndGlobal
